// !$*UTF8*$!
{
	archiveVersion = 1;
	classes = {
	};
	objectVersion = 56;
	objects = {

/* Begin PBXBuildFile section */
		366D221D2CB759D6000CC592 /* output-adl-01.mp4 in Resources */ = {isa = PBXBuildFile; fileRef = 366D21D52CB759D6000CC592 /* output-adl-01.mp4 */; };
		366D221E2CB759D6000CC592 /* output-adl-02.mp4 in Resources */ = {isa = PBXBuildFile; fileRef = 366D21D62CB759D6000CC592 /* output-adl-02.mp4 */; };
		366D221F2CB759D6000CC592 /* output-adl-03.mp4 in Resources */ = {isa = PBXBuildFile; fileRef = 366D21D72CB759D6000CC592 /* output-adl-03.mp4 */; };
		366D22202CB759D6000CC592 /* output-adl-04.mp4 in Resources */ = {isa = PBXBuildFile; fileRef = 366D21D82CB759D6000CC592 /* output-adl-04.mp4 */; };
		366D22212CB759D6000CC592 /* output-adl-05.mp4 in Resources */ = {isa = PBXBuildFile; fileRef = 366D21D92CB759D6000CC592 /* output-adl-05.mp4 */; };
		366D22222CB759D6000CC592 /* output-adl-06.mp4 in Resources */ = {isa = PBXBuildFile; fileRef = 366D21DA2CB759D6000CC592 /* output-adl-06.mp4 */; };
		366D22232CB759D6000CC592 /* output-adl-07.mp4 in Resources */ = {isa = PBXBuildFile; fileRef = 366D21DB2CB759D6000CC592 /* output-adl-07.mp4 */; };
		366D22242CB759D6000CC592 /* output-adl-08.mp4 in Resources */ = {isa = PBXBuildFile; fileRef = 366D21DC2CB759D6000CC592 /* output-adl-08.mp4 */; };
		366D22252CB759D6000CC592 /* output-adl-09.mp4 in Resources */ = {isa = PBXBuildFile; fileRef = 366D21DD2CB759D6000CC592 /* output-adl-09.mp4 */; };
		366D22262CB759D6000CC592 /* output-adl-10.mp4 in Resources */ = {isa = PBXBuildFile; fileRef = 366D21DE2CB759D6000CC592 /* output-adl-10.mp4 */; };
		366D22272CB759D6000CC592 /* output-adl-11.mp4 in Resources */ = {isa = PBXBuildFile; fileRef = 366D21DF2CB759D6000CC592 /* output-adl-11.mp4 */; };
		366D22282CB759D6000CC592 /* output-adl-12.mp4 in Resources */ = {isa = PBXBuildFile; fileRef = 366D21E02CB759D6000CC592 /* output-adl-12.mp4 */; };
		366D22292CB759D6000CC592 /* output-adl-13.mp4 in Resources */ = {isa = PBXBuildFile; fileRef = 366D21E12CB759D6000CC592 /* output-adl-13.mp4 */; };
		366D222A2CB759D6000CC592 /* output-adl-14.mp4 in Resources */ = {isa = PBXBuildFile; fileRef = 366D21E22CB759D6000CC592 /* output-adl-14.mp4 */; };
		366D222B2CB759D6000CC592 /* output-adl-15.mp4 in Resources */ = {isa = PBXBuildFile; fileRef = 366D21E32CB759D6000CC592 /* output-adl-15.mp4 */; };
		366D222C2CB759D6000CC592 /* output-adl-16.mp4 in Resources */ = {isa = PBXBuildFile; fileRef = 366D21E42CB759D6000CC592 /* output-adl-16.mp4 */; };
		366D222D2CB759D6000CC592 /* output-adl-17.mp4 in Resources */ = {isa = PBXBuildFile; fileRef = 366D21E52CB759D6000CC592 /* output-adl-17.mp4 */; };
		366D222E2CB759D6000CC592 /* output-adl-18.mp4 in Resources */ = {isa = PBXBuildFile; fileRef = 366D21E62CB759D6000CC592 /* output-adl-18.mp4 */; };
		366D222F2CB759D6000CC592 /* output-adl-19.mp4 in Resources */ = {isa = PBXBuildFile; fileRef = 366D21E72CB759D6000CC592 /* output-adl-19.mp4 */; };
		366D22302CB759D6000CC592 /* output-adl-20.mp4 in Resources */ = {isa = PBXBuildFile; fileRef = 366D21E82CB759D6000CC592 /* output-adl-20.mp4 */; };
		366D22312CB759D6000CC592 /* output-adl-21.mp4 in Resources */ = {isa = PBXBuildFile; fileRef = 366D21E92CB759D6000CC592 /* output-adl-21.mp4 */; };
		366D22322CB759D6000CC592 /* output-adl-22.mp4 in Resources */ = {isa = PBXBuildFile; fileRef = 366D21EA2CB759D6000CC592 /* output-adl-22.mp4 */; };
		366D22332CB759D6000CC592 /* output-adl-23.mp4 in Resources */ = {isa = PBXBuildFile; fileRef = 366D21EB2CB759D6000CC592 /* output-adl-23.mp4 */; };
		366D22342CB759D6000CC592 /* output-adl-24.mp4 in Resources */ = {isa = PBXBuildFile; fileRef = 366D21EC2CB759D6000CC592 /* output-adl-24.mp4 */; };
		366D22352CB759D6000CC592 /* output-adl-25.mp4 in Resources */ = {isa = PBXBuildFile; fileRef = 366D21ED2CB759D6000CC592 /* output-adl-25.mp4 */; };
		366D22362CB759D6000CC592 /* output-adl-26.mp4 in Resources */ = {isa = PBXBuildFile; fileRef = 366D21EE2CB759D6000CC592 /* output-adl-26.mp4 */; };
		366D22372CB759D6000CC592 /* output-adl-27.mp4 in Resources */ = {isa = PBXBuildFile; fileRef = 366D21EF2CB759D6000CC592 /* output-adl-27.mp4 */; };
		366D22382CB759D6000CC592 /* output-adl-28.mp4 in Resources */ = {isa = PBXBuildFile; fileRef = 366D21F02CB759D6000CC592 /* output-adl-28.mp4 */; };
		366D22392CB759D6000CC592 /* output-adl-29.mp4 in Resources */ = {isa = PBXBuildFile; fileRef = 366D21F12CB759D6000CC592 /* output-adl-29.mp4 */; };
		366D223A2CB759D6000CC592 /* output-adl-30.mp4 in Resources */ = {isa = PBXBuildFile; fileRef = 366D21F22CB759D6000CC592 /* output-adl-30.mp4 */; };
		366D223B2CB759D6000CC592 /* output-adl-31.mp4 in Resources */ = {isa = PBXBuildFile; fileRef = 366D21F32CB759D6000CC592 /* output-adl-31.mp4 */; };
		366D223C2CB759D6000CC592 /* output-adl-32.mp4 in Resources */ = {isa = PBXBuildFile; fileRef = 366D21F42CB759D6000CC592 /* output-adl-32.mp4 */; };
		366D223D2CB759D6000CC592 /* output-adl-33.mp4 in Resources */ = {isa = PBXBuildFile; fileRef = 366D21F52CB759D6000CC592 /* output-adl-33.mp4 */; };
		366D223E2CB759D6000CC592 /* output-adl-34.mp4 in Resources */ = {isa = PBXBuildFile; fileRef = 366D21F62CB759D6000CC592 /* output-adl-34.mp4 */; };
		366D223F2CB759D6000CC592 /* output-adl-35.mp4 in Resources */ = {isa = PBXBuildFile; fileRef = 366D21F72CB759D6000CC592 /* output-adl-35.mp4 */; };
		366D22402CB759D6000CC592 /* output-adl-36.mp4 in Resources */ = {isa = PBXBuildFile; fileRef = 366D21F82CB759D6000CC592 /* output-adl-36.mp4 */; };
		366D22412CB759D6000CC592 /* output-adl-37.mp4 in Resources */ = {isa = PBXBuildFile; fileRef = 366D21F92CB759D6000CC592 /* output-adl-37.mp4 */; };
		366D22422CB759D6000CC592 /* output-adl-38.mp4 in Resources */ = {isa = PBXBuildFile; fileRef = 366D21FA2CB759D6000CC592 /* output-adl-38.mp4 */; };
		366D22432CB759D6000CC592 /* output-adl-39.mp4 in Resources */ = {isa = PBXBuildFile; fileRef = 366D21FB2CB759D6000CC592 /* output-adl-39.mp4 */; };
		366D22442CB759D6000CC592 /* output-adl-40.mp4 in Resources */ = {isa = PBXBuildFile; fileRef = 366D21FC2CB759D6000CC592 /* output-adl-40.mp4 */; };
		366D22452CB759D6000CC592 /* output-fall-01.mp4 in Resources */ = {isa = PBXBuildFile; fileRef = 366D21FE2CB759D6000CC592 /* output-fall-01.mp4 */; };
		366D22462CB759D6000CC592 /* output-fall-02.mp4 in Resources */ = {isa = PBXBuildFile; fileRef = 366D21FF2CB759D6000CC592 /* output-fall-02.mp4 */; };
		366D22472CB759D6000CC592 /* output-fall-03.mp4 in Resources */ = {isa = PBXBuildFile; fileRef = 366D22002CB759D6000CC592 /* output-fall-03.mp4 */; };
		366D22482CB759D6000CC592 /* output-fall-04.mp4 in Resources */ = {isa = PBXBuildFile; fileRef = 366D22012CB759D6000CC592 /* output-fall-04.mp4 */; };
		366D22492CB759D6000CC592 /* output-fall-05.mp4 in Resources */ = {isa = PBXBuildFile; fileRef = 366D22022CB759D6000CC592 /* output-fall-05.mp4 */; };
		366D224A2CB759D6000CC592 /* output-fall-06.mp4 in Resources */ = {isa = PBXBuildFile; fileRef = 366D22032CB759D6000CC592 /* output-fall-06.mp4 */; };
		366D224B2CB759D6000CC592 /* output-fall-07.mp4 in Resources */ = {isa = PBXBuildFile; fileRef = 366D22042CB759D6000CC592 /* output-fall-07.mp4 */; };
		366D224C2CB759D6000CC592 /* output-fall-08.mp4 in Resources */ = {isa = PBXBuildFile; fileRef = 366D22052CB759D6000CC592 /* output-fall-08.mp4 */; };
		366D224D2CB759D6000CC592 /* output-fall-09.mp4 in Resources */ = {isa = PBXBuildFile; fileRef = 366D22062CB759D6000CC592 /* output-fall-09.mp4 */; };
		366D224E2CB759D6000CC592 /* output-fall-10.mp4 in Resources */ = {isa = PBXBuildFile; fileRef = 366D22072CB759D6000CC592 /* output-fall-10.mp4 */; };
		366D224F2CB759D6000CC592 /* output-fall-11.mp4 in Resources */ = {isa = PBXBuildFile; fileRef = 366D22082CB759D6000CC592 /* output-fall-11.mp4 */; };
		366D22502CB759D6000CC592 /* output-fall-12.mp4 in Resources */ = {isa = PBXBuildFile; fileRef = 366D22092CB759D6000CC592 /* output-fall-12.mp4 */; };
		366D22512CB759D6000CC592 /* output-fall-13.mp4 in Resources */ = {isa = PBXBuildFile; fileRef = 366D220A2CB759D6000CC592 /* output-fall-13.mp4 */; };
		366D22522CB759D6000CC592 /* output-fall-14.mp4 in Resources */ = {isa = PBXBuildFile; fileRef = 366D220B2CB759D6000CC592 /* output-fall-14.mp4 */; };
		366D22532CB759D6000CC592 /* output-fall-15.mp4 in Resources */ = {isa = PBXBuildFile; fileRef = 366D220C2CB759D6000CC592 /* output-fall-15.mp4 */; };
		366D22542CB759D6000CC592 /* output-fall-16.mp4 in Resources */ = {isa = PBXBuildFile; fileRef = 366D220D2CB759D6000CC592 /* output-fall-16.mp4 */; };
		366D22552CB759D6000CC592 /* output-fall-17.mp4 in Resources */ = {isa = PBXBuildFile; fileRef = 366D220E2CB759D6000CC592 /* output-fall-17.mp4 */; };
		366D22562CB759D6000CC592 /* output-fall-18.mp4 in Resources */ = {isa = PBXBuildFile; fileRef = 366D220F2CB759D6000CC592 /* output-fall-18.mp4 */; };
		366D22572CB759D6000CC592 /* output-fall-19.mp4 in Resources */ = {isa = PBXBuildFile; fileRef = 366D22102CB759D6000CC592 /* output-fall-19.mp4 */; };
		366D22582CB759D6000CC592 /* output-fall-20.mp4 in Resources */ = {isa = PBXBuildFile; fileRef = 366D22112CB759D6000CC592 /* output-fall-20.mp4 */; };
		366D22592CB759D6000CC592 /* output-fall-21.mp4 in Resources */ = {isa = PBXBuildFile; fileRef = 366D22122CB759D6000CC592 /* output-fall-21.mp4 */; };
		366D225A2CB759D6000CC592 /* output-fall-22.mp4 in Resources */ = {isa = PBXBuildFile; fileRef = 366D22132CB759D6000CC592 /* output-fall-22.mp4 */; };
		366D225B2CB759D6000CC592 /* output-fall-23.mp4 in Resources */ = {isa = PBXBuildFile; fileRef = 366D22142CB759D6000CC592 /* output-fall-23.mp4 */; };
		366D225C2CB759D6000CC592 /* output-fall-24.mp4 in Resources */ = {isa = PBXBuildFile; fileRef = 366D22152CB759D6000CC592 /* output-fall-24.mp4 */; };
		366D225D2CB759D6000CC592 /* output-fall-25.mp4 in Resources */ = {isa = PBXBuildFile; fileRef = 366D22162CB759D6000CC592 /* output-fall-25.mp4 */; };
		366D225E2CB759D6000CC592 /* output-fall-26.mp4 in Resources */ = {isa = PBXBuildFile; fileRef = 366D22172CB759D6000CC592 /* output-fall-26.mp4 */; };
		366D225F2CB759D6000CC592 /* output-fall-27.mp4 in Resources */ = {isa = PBXBuildFile; fileRef = 366D22182CB759D6000CC592 /* output-fall-27.mp4 */; };
		366D22602CB759D6000CC592 /* output-fall-28.mp4 in Resources */ = {isa = PBXBuildFile; fileRef = 366D22192CB759D6000CC592 /* output-fall-28.mp4 */; };
		366D22612CB759D6000CC592 /* output-fall-29.mp4 in Resources */ = {isa = PBXBuildFile; fileRef = 366D221A2CB759D6000CC592 /* output-fall-29.mp4 */; };
		366D22622CB759D6000CC592 /* output-fall-30.mp4 in Resources */ = {isa = PBXBuildFile; fileRef = 366D221B2CB759D6000CC592 /* output-fall-30.mp4 */; };
		366D22652CB7692C000CC592 /* ResultData.swift in Sources */ = {isa = PBXBuildFile; fileRef = 366D22642CB7692C000CC592 /* ResultData.swift */; };
		36B7AE5D2CAE945300870915 /* TestingView.swift in Sources */ = {isa = PBXBuildFile; fileRef = 36B7AE5C2CAE945300870915 /* TestingView.swift */; };
		36B7AE5F2CAE952300870915 /* TestingViewModel.swift in Sources */ = {isa = PBXBuildFile; fileRef = 36B7AE5E2CAE952300870915 /* TestingViewModel.swift */; };
		36B7AE622CAE95E500870915 /* VideoProcessor.swift in Sources */ = {isa = PBXBuildFile; fileRef = 36B7AE612CAE95E500870915 /* VideoProcessor.swift */; };
		36B7AE662CAE988000870915 /* VideoProcessorDelegate.swift in Sources */ = {isa = PBXBuildFile; fileRef = 36B7AE652CAE988000870915 /* VideoProcessorDelegate.swift */; };
		36B7AE682CAE98EA00870915 /* UIImage+.swift in Sources */ = {isa = PBXBuildFile; fileRef = 36B7AE672CAE98EA00870915 /* UIImage+.swift */; };
		36B7AE6A2CAE9A2100870915 /* VisionProcessor.swift in Sources */ = {isa = PBXBuildFile; fileRef = 36B7AE692CAE9A2100870915 /* VisionProcessor.swift */; };
		36B7AE6C2CAE9E4200870915 /* VisionProcessorDelegate.swift in Sources */ = {isa = PBXBuildFile; fileRef = 36B7AE6B2CAE9E4200870915 /* VisionProcessorDelegate.swift */; };
		36B7AE6E2CAEA63300870915 /* FallDetectionProcessor.swift in Sources */ = {isa = PBXBuildFile; fileRef = 36B7AE6D2CAEA63300870915 /* FallDetectionProcessor.swift */; };
		36B7AE702CAEAB9A00870915 /* FallDetectionProcessorDelegate.swift in Sources */ = {isa = PBXBuildFile; fileRef = 36B7AE6F2CAEAB9A00870915 /* FallDetectionProcessorDelegate.swift */; };
		36B7AE732CAEABEB00870915 /* PerformState.swift in Sources */ = {isa = PBXBuildFile; fileRef = 36B7AE722CAEABEB00870915 /* PerformState.swift */; };
		36CFEDAF2CAE88B60045A8C5 /* Independent_Capstone_DesignApp.swift in Sources */ = {isa = PBXBuildFile; fileRef = 36CFEDAE2CAE88B60045A8C5 /* Independent_Capstone_DesignApp.swift */; };
		36CFEDB32CAE88BA0045A8C5 /* Assets.xcassets in Resources */ = {isa = PBXBuildFile; fileRef = 36CFEDB22CAE88BA0045A8C5 /* Assets.xcassets */; };
		36CFEDB62CAE88BA0045A8C5 /* Preview Assets.xcassets in Resources */ = {isa = PBXBuildFile; fileRef = 36CFEDB52CAE88BA0045A8C5 /* Preview Assets.xcassets */; };
		36CFEDC72CAE89760045A8C5 /* MainView.swift in Sources */ = {isa = PBXBuildFile; fileRef = 36CFEDC62CAE89760045A8C5 /* MainView.swift */; };
/* End PBXBuildFile section */

/* Begin PBXFileReference section */
		366D21D52CB759D6000CC592 /* output-adl-01.mp4 */ = {isa = PBXFileReference; lastKnownFileType = file; path = "output-adl-01.mp4"; sourceTree = "<group>"; };
		366D21D62CB759D6000CC592 /* output-adl-02.mp4 */ = {isa = PBXFileReference; lastKnownFileType = file; path = "output-adl-02.mp4"; sourceTree = "<group>"; };
		366D21D72CB759D6000CC592 /* output-adl-03.mp4 */ = {isa = PBXFileReference; lastKnownFileType = file; path = "output-adl-03.mp4"; sourceTree = "<group>"; };
		366D21D82CB759D6000CC592 /* output-adl-04.mp4 */ = {isa = PBXFileReference; lastKnownFileType = file; path = "output-adl-04.mp4"; sourceTree = "<group>"; };
		366D21D92CB759D6000CC592 /* output-adl-05.mp4 */ = {isa = PBXFileReference; lastKnownFileType = file; path = "output-adl-05.mp4"; sourceTree = "<group>"; };
		366D21DA2CB759D6000CC592 /* output-adl-06.mp4 */ = {isa = PBXFileReference; lastKnownFileType = file; path = "output-adl-06.mp4"; sourceTree = "<group>"; };
		366D21DB2CB759D6000CC592 /* output-adl-07.mp4 */ = {isa = PBXFileReference; lastKnownFileType = file; path = "output-adl-07.mp4"; sourceTree = "<group>"; };
		366D21DC2CB759D6000CC592 /* output-adl-08.mp4 */ = {isa = PBXFileReference; lastKnownFileType = file; path = "output-adl-08.mp4"; sourceTree = "<group>"; };
		366D21DD2CB759D6000CC592 /* output-adl-09.mp4 */ = {isa = PBXFileReference; lastKnownFileType = file; path = "output-adl-09.mp4"; sourceTree = "<group>"; };
		366D21DE2CB759D6000CC592 /* output-adl-10.mp4 */ = {isa = PBXFileReference; lastKnownFileType = file; path = "output-adl-10.mp4"; sourceTree = "<group>"; };
		366D21DF2CB759D6000CC592 /* output-adl-11.mp4 */ = {isa = PBXFileReference; lastKnownFileType = file; path = "output-adl-11.mp4"; sourceTree = "<group>"; };
		366D21E02CB759D6000CC592 /* output-adl-12.mp4 */ = {isa = PBXFileReference; lastKnownFileType = file; path = "output-adl-12.mp4"; sourceTree = "<group>"; };
		366D21E12CB759D6000CC592 /* output-adl-13.mp4 */ = {isa = PBXFileReference; lastKnownFileType = file; path = "output-adl-13.mp4"; sourceTree = "<group>"; };
		366D21E22CB759D6000CC592 /* output-adl-14.mp4 */ = {isa = PBXFileReference; lastKnownFileType = file; path = "output-adl-14.mp4"; sourceTree = "<group>"; };
		366D21E32CB759D6000CC592 /* output-adl-15.mp4 */ = {isa = PBXFileReference; lastKnownFileType = file; path = "output-adl-15.mp4"; sourceTree = "<group>"; };
		366D21E42CB759D6000CC592 /* output-adl-16.mp4 */ = {isa = PBXFileReference; lastKnownFileType = file; path = "output-adl-16.mp4"; sourceTree = "<group>"; };
		366D21E52CB759D6000CC592 /* output-adl-17.mp4 */ = {isa = PBXFileReference; lastKnownFileType = file; path = "output-adl-17.mp4"; sourceTree = "<group>"; };
		366D21E62CB759D6000CC592 /* output-adl-18.mp4 */ = {isa = PBXFileReference; lastKnownFileType = file; path = "output-adl-18.mp4"; sourceTree = "<group>"; };
		366D21E72CB759D6000CC592 /* output-adl-19.mp4 */ = {isa = PBXFileReference; lastKnownFileType = file; path = "output-adl-19.mp4"; sourceTree = "<group>"; };
		366D21E82CB759D6000CC592 /* output-adl-20.mp4 */ = {isa = PBXFileReference; lastKnownFileType = file; path = "output-adl-20.mp4"; sourceTree = "<group>"; };
		366D21E92CB759D6000CC592 /* output-adl-21.mp4 */ = {isa = PBXFileReference; lastKnownFileType = file; path = "output-adl-21.mp4"; sourceTree = "<group>"; };
		366D21EA2CB759D6000CC592 /* output-adl-22.mp4 */ = {isa = PBXFileReference; lastKnownFileType = file; path = "output-adl-22.mp4"; sourceTree = "<group>"; };
		366D21EB2CB759D6000CC592 /* output-adl-23.mp4 */ = {isa = PBXFileReference; lastKnownFileType = file; path = "output-adl-23.mp4"; sourceTree = "<group>"; };
		366D21EC2CB759D6000CC592 /* output-adl-24.mp4 */ = {isa = PBXFileReference; lastKnownFileType = file; path = "output-adl-24.mp4"; sourceTree = "<group>"; };
		366D21ED2CB759D6000CC592 /* output-adl-25.mp4 */ = {isa = PBXFileReference; lastKnownFileType = file; path = "output-adl-25.mp4"; sourceTree = "<group>"; };
		366D21EE2CB759D6000CC592 /* output-adl-26.mp4 */ = {isa = PBXFileReference; lastKnownFileType = file; path = "output-adl-26.mp4"; sourceTree = "<group>"; };
		366D21EF2CB759D6000CC592 /* output-adl-27.mp4 */ = {isa = PBXFileReference; lastKnownFileType = file; path = "output-adl-27.mp4"; sourceTree = "<group>"; };
		366D21F02CB759D6000CC592 /* output-adl-28.mp4 */ = {isa = PBXFileReference; lastKnownFileType = file; path = "output-adl-28.mp4"; sourceTree = "<group>"; };
		366D21F12CB759D6000CC592 /* output-adl-29.mp4 */ = {isa = PBXFileReference; lastKnownFileType = file; path = "output-adl-29.mp4"; sourceTree = "<group>"; };
		366D21F22CB759D6000CC592 /* output-adl-30.mp4 */ = {isa = PBXFileReference; lastKnownFileType = file; path = "output-adl-30.mp4"; sourceTree = "<group>"; };
		366D21F32CB759D6000CC592 /* output-adl-31.mp4 */ = {isa = PBXFileReference; lastKnownFileType = file; path = "output-adl-31.mp4"; sourceTree = "<group>"; };
		366D21F42CB759D6000CC592 /* output-adl-32.mp4 */ = {isa = PBXFileReference; lastKnownFileType = file; path = "output-adl-32.mp4"; sourceTree = "<group>"; };
		366D21F52CB759D6000CC592 /* output-adl-33.mp4 */ = {isa = PBXFileReference; lastKnownFileType = file; path = "output-adl-33.mp4"; sourceTree = "<group>"; };
		366D21F62CB759D6000CC592 /* output-adl-34.mp4 */ = {isa = PBXFileReference; lastKnownFileType = file; path = "output-adl-34.mp4"; sourceTree = "<group>"; };
		366D21F72CB759D6000CC592 /* output-adl-35.mp4 */ = {isa = PBXFileReference; lastKnownFileType = file; path = "output-adl-35.mp4"; sourceTree = "<group>"; };
		366D21F82CB759D6000CC592 /* output-adl-36.mp4 */ = {isa = PBXFileReference; lastKnownFileType = file; path = "output-adl-36.mp4"; sourceTree = "<group>"; };
		366D21F92CB759D6000CC592 /* output-adl-37.mp4 */ = {isa = PBXFileReference; lastKnownFileType = file; path = "output-adl-37.mp4"; sourceTree = "<group>"; };
		366D21FA2CB759D6000CC592 /* output-adl-38.mp4 */ = {isa = PBXFileReference; lastKnownFileType = file; path = "output-adl-38.mp4"; sourceTree = "<group>"; };
		366D21FB2CB759D6000CC592 /* output-adl-39.mp4 */ = {isa = PBXFileReference; lastKnownFileType = file; path = "output-adl-39.mp4"; sourceTree = "<group>"; };
		366D21FC2CB759D6000CC592 /* output-adl-40.mp4 */ = {isa = PBXFileReference; lastKnownFileType = file; path = "output-adl-40.mp4"; sourceTree = "<group>"; };
		366D21FE2CB759D6000CC592 /* output-fall-01.mp4 */ = {isa = PBXFileReference; lastKnownFileType = file; path = "output-fall-01.mp4"; sourceTree = "<group>"; };
		366D21FF2CB759D6000CC592 /* output-fall-02.mp4 */ = {isa = PBXFileReference; lastKnownFileType = file; path = "output-fall-02.mp4"; sourceTree = "<group>"; };
		366D22002CB759D6000CC592 /* output-fall-03.mp4 */ = {isa = PBXFileReference; lastKnownFileType = file; path = "output-fall-03.mp4"; sourceTree = "<group>"; };
		366D22012CB759D6000CC592 /* output-fall-04.mp4 */ = {isa = PBXFileReference; lastKnownFileType = file; path = "output-fall-04.mp4"; sourceTree = "<group>"; };
		366D22022CB759D6000CC592 /* output-fall-05.mp4 */ = {isa = PBXFileReference; lastKnownFileType = file; path = "output-fall-05.mp4"; sourceTree = "<group>"; };
		366D22032CB759D6000CC592 /* output-fall-06.mp4 */ = {isa = PBXFileReference; lastKnownFileType = file; path = "output-fall-06.mp4"; sourceTree = "<group>"; };
		366D22042CB759D6000CC592 /* output-fall-07.mp4 */ = {isa = PBXFileReference; lastKnownFileType = file; path = "output-fall-07.mp4"; sourceTree = "<group>"; };
		366D22052CB759D6000CC592 /* output-fall-08.mp4 */ = {isa = PBXFileReference; lastKnownFileType = file; path = "output-fall-08.mp4"; sourceTree = "<group>"; };
		366D22062CB759D6000CC592 /* output-fall-09.mp4 */ = {isa = PBXFileReference; lastKnownFileType = file; path = "output-fall-09.mp4"; sourceTree = "<group>"; };
		366D22072CB759D6000CC592 /* output-fall-10.mp4 */ = {isa = PBXFileReference; lastKnownFileType = file; path = "output-fall-10.mp4"; sourceTree = "<group>"; };
		366D22082CB759D6000CC592 /* output-fall-11.mp4 */ = {isa = PBXFileReference; lastKnownFileType = file; path = "output-fall-11.mp4"; sourceTree = "<group>"; };
		366D22092CB759D6000CC592 /* output-fall-12.mp4 */ = {isa = PBXFileReference; lastKnownFileType = file; path = "output-fall-12.mp4"; sourceTree = "<group>"; };
		366D220A2CB759D6000CC592 /* output-fall-13.mp4 */ = {isa = PBXFileReference; lastKnownFileType = file; path = "output-fall-13.mp4"; sourceTree = "<group>"; };
		366D220B2CB759D6000CC592 /* output-fall-14.mp4 */ = {isa = PBXFileReference; lastKnownFileType = file; path = "output-fall-14.mp4"; sourceTree = "<group>"; };
		366D220C2CB759D6000CC592 /* output-fall-15.mp4 */ = {isa = PBXFileReference; lastKnownFileType = file; path = "output-fall-15.mp4"; sourceTree = "<group>"; };
		366D220D2CB759D6000CC592 /* output-fall-16.mp4 */ = {isa = PBXFileReference; lastKnownFileType = file; path = "output-fall-16.mp4"; sourceTree = "<group>"; };
		366D220E2CB759D6000CC592 /* output-fall-17.mp4 */ = {isa = PBXFileReference; lastKnownFileType = file; path = "output-fall-17.mp4"; sourceTree = "<group>"; };
		366D220F2CB759D6000CC592 /* output-fall-18.mp4 */ = {isa = PBXFileReference; lastKnownFileType = file; path = "output-fall-18.mp4"; sourceTree = "<group>"; };
		366D22102CB759D6000CC592 /* output-fall-19.mp4 */ = {isa = PBXFileReference; lastKnownFileType = file; path = "output-fall-19.mp4"; sourceTree = "<group>"; };
		366D22112CB759D6000CC592 /* output-fall-20.mp4 */ = {isa = PBXFileReference; lastKnownFileType = file; path = "output-fall-20.mp4"; sourceTree = "<group>"; };
		366D22122CB759D6000CC592 /* output-fall-21.mp4 */ = {isa = PBXFileReference; lastKnownFileType = file; path = "output-fall-21.mp4"; sourceTree = "<group>"; };
		366D22132CB759D6000CC592 /* output-fall-22.mp4 */ = {isa = PBXFileReference; lastKnownFileType = file; path = "output-fall-22.mp4"; sourceTree = "<group>"; };
		366D22142CB759D6000CC592 /* output-fall-23.mp4 */ = {isa = PBXFileReference; lastKnownFileType = file; path = "output-fall-23.mp4"; sourceTree = "<group>"; };
		366D22152CB759D6000CC592 /* output-fall-24.mp4 */ = {isa = PBXFileReference; lastKnownFileType = file; path = "output-fall-24.mp4"; sourceTree = "<group>"; };
		366D22162CB759D6000CC592 /* output-fall-25.mp4 */ = {isa = PBXFileReference; lastKnownFileType = file; path = "output-fall-25.mp4"; sourceTree = "<group>"; };
		366D22172CB759D6000CC592 /* output-fall-26.mp4 */ = {isa = PBXFileReference; lastKnownFileType = file; path = "output-fall-26.mp4"; sourceTree = "<group>"; };
		366D22182CB759D6000CC592 /* output-fall-27.mp4 */ = {isa = PBXFileReference; lastKnownFileType = file; path = "output-fall-27.mp4"; sourceTree = "<group>"; };
		366D22192CB759D6000CC592 /* output-fall-28.mp4 */ = {isa = PBXFileReference; lastKnownFileType = file; path = "output-fall-28.mp4"; sourceTree = "<group>"; };
		366D221A2CB759D6000CC592 /* output-fall-29.mp4 */ = {isa = PBXFileReference; lastKnownFileType = file; path = "output-fall-29.mp4"; sourceTree = "<group>"; };
		366D221B2CB759D6000CC592 /* output-fall-30.mp4 */ = {isa = PBXFileReference; lastKnownFileType = file; path = "output-fall-30.mp4"; sourceTree = "<group>"; };
		366D22642CB7692C000CC592 /* ResultData.swift */ = {isa = PBXFileReference; lastKnownFileType = sourcecode.swift; path = ResultData.swift; sourceTree = "<group>"; };
		36B7AE5C2CAE945300870915 /* TestingView.swift */ = {isa = PBXFileReference; lastKnownFileType = sourcecode.swift; path = TestingView.swift; sourceTree = "<group>"; };
		36B7AE5E2CAE952300870915 /* TestingViewModel.swift */ = {isa = PBXFileReference; lastKnownFileType = sourcecode.swift; path = TestingViewModel.swift; sourceTree = "<group>"; };
		36B7AE612CAE95E500870915 /* VideoProcessor.swift */ = {isa = PBXFileReference; lastKnownFileType = sourcecode.swift; path = VideoProcessor.swift; sourceTree = "<group>"; };
		36B7AE652CAE988000870915 /* VideoProcessorDelegate.swift */ = {isa = PBXFileReference; lastKnownFileType = sourcecode.swift; path = VideoProcessorDelegate.swift; sourceTree = "<group>"; };
		36B7AE672CAE98EA00870915 /* UIImage+.swift */ = {isa = PBXFileReference; lastKnownFileType = sourcecode.swift; path = "UIImage+.swift"; sourceTree = "<group>"; };
		36B7AE692CAE9A2100870915 /* VisionProcessor.swift */ = {isa = PBXFileReference; lastKnownFileType = sourcecode.swift; path = VisionProcessor.swift; sourceTree = "<group>"; };
		36B7AE6B2CAE9E4200870915 /* VisionProcessorDelegate.swift */ = {isa = PBXFileReference; lastKnownFileType = sourcecode.swift; path = VisionProcessorDelegate.swift; sourceTree = "<group>"; };
		36B7AE6D2CAEA63300870915 /* FallDetectionProcessor.swift */ = {isa = PBXFileReference; lastKnownFileType = sourcecode.swift; path = FallDetectionProcessor.swift; sourceTree = "<group>"; };
		36B7AE6F2CAEAB9A00870915 /* FallDetectionProcessorDelegate.swift */ = {isa = PBXFileReference; lastKnownFileType = sourcecode.swift; path = FallDetectionProcessorDelegate.swift; sourceTree = "<group>"; };
		36B7AE722CAEABEB00870915 /* PerformState.swift */ = {isa = PBXFileReference; lastKnownFileType = sourcecode.swift; path = PerformState.swift; sourceTree = "<group>"; };
		36CFEDAB2CAE88B60045A8C5 /* Independent-Capstone-Design.app */ = {isa = PBXFileReference; explicitFileType = wrapper.application; includeInIndex = 0; path = "Independent-Capstone-Design.app"; sourceTree = BUILT_PRODUCTS_DIR; };
		36CFEDAE2CAE88B60045A8C5 /* Independent_Capstone_DesignApp.swift */ = {isa = PBXFileReference; lastKnownFileType = sourcecode.swift; path = Independent_Capstone_DesignApp.swift; sourceTree = "<group>"; };
		36CFEDB22CAE88BA0045A8C5 /* Assets.xcassets */ = {isa = PBXFileReference; lastKnownFileType = folder.assetcatalog; path = Assets.xcassets; sourceTree = "<group>"; };
		36CFEDB52CAE88BA0045A8C5 /* Preview Assets.xcassets */ = {isa = PBXFileReference; lastKnownFileType = folder.assetcatalog; path = "Preview Assets.xcassets"; sourceTree = "<group>"; };
		36CFEDC62CAE89760045A8C5 /* MainView.swift */ = {isa = PBXFileReference; lastKnownFileType = sourcecode.swift; path = MainView.swift; sourceTree = "<group>"; };
/* End PBXFileReference section */

/* Begin PBXFrameworksBuildPhase section */
		36CFEDA82CAE88B60045A8C5 /* Frameworks */ = {
			isa = PBXFrameworksBuildPhase;
			buildActionMask = 2147483647;
			files = (
			);
			runOnlyForDeploymentPostprocessing = 0;
		};
/* End PBXFrameworksBuildPhase section */

/* Begin PBXGroup section */
		366D21FD2CB759D6000CC592 /* ADL */ = {
			isa = PBXGroup;
			children = (
				366D21D52CB759D6000CC592 /* output-adl-01.mp4 */,
				366D21D62CB759D6000CC592 /* output-adl-02.mp4 */,
				366D21D72CB759D6000CC592 /* output-adl-03.mp4 */,
				366D21D82CB759D6000CC592 /* output-adl-04.mp4 */,
				366D21D92CB759D6000CC592 /* output-adl-05.mp4 */,
				366D21DA2CB759D6000CC592 /* output-adl-06.mp4 */,
				366D21DB2CB759D6000CC592 /* output-adl-07.mp4 */,
				366D21DC2CB759D6000CC592 /* output-adl-08.mp4 */,
				366D21DD2CB759D6000CC592 /* output-adl-09.mp4 */,
				366D21DE2CB759D6000CC592 /* output-adl-10.mp4 */,
				366D21DF2CB759D6000CC592 /* output-adl-11.mp4 */,
				366D21E02CB759D6000CC592 /* output-adl-12.mp4 */,
				366D21E12CB759D6000CC592 /* output-adl-13.mp4 */,
				366D21E22CB759D6000CC592 /* output-adl-14.mp4 */,
				366D21E32CB759D6000CC592 /* output-adl-15.mp4 */,
				366D21E42CB759D6000CC592 /* output-adl-16.mp4 */,
				366D21E52CB759D6000CC592 /* output-adl-17.mp4 */,
				366D21E62CB759D6000CC592 /* output-adl-18.mp4 */,
				366D21E72CB759D6000CC592 /* output-adl-19.mp4 */,
				366D21E82CB759D6000CC592 /* output-adl-20.mp4 */,
				366D21E92CB759D6000CC592 /* output-adl-21.mp4 */,
				366D21EA2CB759D6000CC592 /* output-adl-22.mp4 */,
				366D21EB2CB759D6000CC592 /* output-adl-23.mp4 */,
				366D21EC2CB759D6000CC592 /* output-adl-24.mp4 */,
				366D21ED2CB759D6000CC592 /* output-adl-25.mp4 */,
				366D21EE2CB759D6000CC592 /* output-adl-26.mp4 */,
				366D21EF2CB759D6000CC592 /* output-adl-27.mp4 */,
				366D21F02CB759D6000CC592 /* output-adl-28.mp4 */,
				366D21F12CB759D6000CC592 /* output-adl-29.mp4 */,
				366D21F22CB759D6000CC592 /* output-adl-30.mp4 */,
				366D21F32CB759D6000CC592 /* output-adl-31.mp4 */,
				366D21F42CB759D6000CC592 /* output-adl-32.mp4 */,
				366D21F52CB759D6000CC592 /* output-adl-33.mp4 */,
				366D21F62CB759D6000CC592 /* output-adl-34.mp4 */,
				366D21F72CB759D6000CC592 /* output-adl-35.mp4 */,
				366D21F82CB759D6000CC592 /* output-adl-36.mp4 */,
				366D21F92CB759D6000CC592 /* output-adl-37.mp4 */,
				366D21FA2CB759D6000CC592 /* output-adl-38.mp4 */,
				366D21FB2CB759D6000CC592 /* output-adl-39.mp4 */,
				366D21FC2CB759D6000CC592 /* output-adl-40.mp4 */,
			);
			path = ADL;
			sourceTree = "<group>";
		};
		366D221C2CB759D6000CC592 /* Fall */ = {
			isa = PBXGroup;
			children = (
				366D21FE2CB759D6000CC592 /* output-fall-01.mp4 */,
				366D21FF2CB759D6000CC592 /* output-fall-02.mp4 */,
				366D22002CB759D6000CC592 /* output-fall-03.mp4 */,
				366D22012CB759D6000CC592 /* output-fall-04.mp4 */,
				366D22022CB759D6000CC592 /* output-fall-05.mp4 */,
				366D22032CB759D6000CC592 /* output-fall-06.mp4 */,
				366D22042CB759D6000CC592 /* output-fall-07.mp4 */,
				366D22052CB759D6000CC592 /* output-fall-08.mp4 */,
				366D22062CB759D6000CC592 /* output-fall-09.mp4 */,
				366D22072CB759D6000CC592 /* output-fall-10.mp4 */,
				366D22082CB759D6000CC592 /* output-fall-11.mp4 */,
				366D22092CB759D6000CC592 /* output-fall-12.mp4 */,
				366D220A2CB759D6000CC592 /* output-fall-13.mp4 */,
				366D220B2CB759D6000CC592 /* output-fall-14.mp4 */,
				366D220C2CB759D6000CC592 /* output-fall-15.mp4 */,
				366D220D2CB759D6000CC592 /* output-fall-16.mp4 */,
				366D220E2CB759D6000CC592 /* output-fall-17.mp4 */,
				366D220F2CB759D6000CC592 /* output-fall-18.mp4 */,
				366D22102CB759D6000CC592 /* output-fall-19.mp4 */,
				366D22112CB759D6000CC592 /* output-fall-20.mp4 */,
				366D22122CB759D6000CC592 /* output-fall-21.mp4 */,
				366D22132CB759D6000CC592 /* output-fall-22.mp4 */,
				366D22142CB759D6000CC592 /* output-fall-23.mp4 */,
				366D22152CB759D6000CC592 /* output-fall-24.mp4 */,
				366D22162CB759D6000CC592 /* output-fall-25.mp4 */,
				366D22172CB759D6000CC592 /* output-fall-26.mp4 */,
				366D22182CB759D6000CC592 /* output-fall-27.mp4 */,
				366D22192CB759D6000CC592 /* output-fall-28.mp4 */,
				366D221A2CB759D6000CC592 /* output-fall-29.mp4 */,
				366D221B2CB759D6000CC592 /* output-fall-30.mp4 */,
			);
			path = Fall;
			sourceTree = "<group>";
		};
		366D22632CB76921000CC592 /* Data */ = {
			isa = PBXGroup;
			children = (
				366D22642CB7692C000CC592 /* ResultData.swift */,
			);
			path = Data;
			sourceTree = "<group>";
		};
		36B7AE602CAE95DE00870915 /* Processor */ = {
			isa = PBXGroup;
			children = (
				36B7AE712CAEABDB00870915 /* State */,
				36B7AE642CAE987200870915 /* Protocol */,
				36B7AE612CAE95E500870915 /* VideoProcessor.swift */,
				36B7AE692CAE9A2100870915 /* VisionProcessor.swift */,
				36B7AE6D2CAEA63300870915 /* FallDetectionProcessor.swift */,
			);
			path = Processor;
			sourceTree = "<group>";
		};
		36B7AE642CAE987200870915 /* Protocol */ = {
			isa = PBXGroup;
			children = (
				36B7AE652CAE988000870915 /* VideoProcessorDelegate.swift */,
				36B7AE6B2CAE9E4200870915 /* VisionProcessorDelegate.swift */,
				36B7AE6F2CAEAB9A00870915 /* FallDetectionProcessorDelegate.swift */,
			);
			path = Protocol;
			sourceTree = "<group>";
		};
		36B7AE712CAEABDB00870915 /* State */ = {
			isa = PBXGroup;
			children = (
				36B7AE722CAEABEB00870915 /* PerformState.swift */,
			);
			path = State;
			sourceTree = "<group>";
		};
		36CFEDA22CAE88B60045A8C5 = {
			isa = PBXGroup;
			children = (
				36CFEDAD2CAE88B60045A8C5 /* Independent-Capstone-Design */,
				36CFEDAC2CAE88B60045A8C5 /* Products */,
			);
			sourceTree = "<group>";
		};
		36CFEDAC2CAE88B60045A8C5 /* Products */ = {
			isa = PBXGroup;
			children = (
				36CFEDAB2CAE88B60045A8C5 /* Independent-Capstone-Design.app */,
			);
			name = Products;
			sourceTree = "<group>";
		};
		36CFEDAD2CAE88B60045A8C5 /* Independent-Capstone-Design */ = {
			isa = PBXGroup;
			children = (
				36CFEDC92CAE8EFB0045A8C5 /* Resource */,
				36CFEDC82CAE8EF80045A8C5 /* Source */,
				36CFEDB42CAE88BA0045A8C5 /* Preview Content */,
			);
			path = "Independent-Capstone-Design";
			sourceTree = "<group>";
		};
		36CFEDB42CAE88BA0045A8C5 /* Preview Content */ = {
			isa = PBXGroup;
			children = (
				36CFEDB52CAE88BA0045A8C5 /* Preview Assets.xcassets */,
			);
			path = "Preview Content";
			sourceTree = "<group>";
		};
		36CFEDBC2CAE88DA0045A8C5 /* App */ = {
			isa = PBXGroup;
			children = (
				36CFEDAE2CAE88B60045A8C5 /* Independent_Capstone_DesignApp.swift */,
			);
			path = App;
			sourceTree = "<group>";
		};
		36CFEDBD2CAE88DD0045A8C5 /* Present */ = {
			isa = PBXGroup;
			children = (
				36CFEDC32CAE89600045A8C5 /* Testing */,
				36CFEDBF2CAE892A0045A8C5 /* Main */,
			);
			path = Present;
			sourceTree = "<group>";
		};
		36CFEDBE2CAE88E50045A8C5 /* Extension */ = {
			isa = PBXGroup;
			children = (
				36B7AE672CAE98EA00870915 /* UIImage+.swift */,
			);
			path = Extension;
			sourceTree = "<group>";
		};
		36CFEDBF2CAE892A0045A8C5 /* Main */ = {
			isa = PBXGroup;
			children = (
				36CFEDC12CAE89330045A8C5 /* ViewModel */,
				36CFEDC02CAE89310045A8C5 /* View */,
			);
			path = Main;
			sourceTree = "<group>";
		};
		36CFEDC02CAE89310045A8C5 /* View */ = {
			isa = PBXGroup;
			children = (
				36CFEDC62CAE89760045A8C5 /* MainView.swift */,
			);
			path = View;
			sourceTree = "<group>";
		};
		36CFEDC12CAE89330045A8C5 /* ViewModel */ = {
			isa = PBXGroup;
			children = (
			);
			path = ViewModel;
			sourceTree = "<group>";
		};
		36CFEDC32CAE89600045A8C5 /* Testing */ = {
			isa = PBXGroup;
			children = (
				36CFEDC52CAE896B0045A8C5 /* ViewModel */,
				36CFEDC42CAE89690045A8C5 /* View */,
			);
			path = Testing;
			sourceTree = "<group>";
		};
		36CFEDC42CAE89690045A8C5 /* View */ = {
			isa = PBXGroup;
			children = (
				36B7AE5C2CAE945300870915 /* TestingView.swift */,
			);
			path = View;
			sourceTree = "<group>";
		};
		36CFEDC52CAE896B0045A8C5 /* ViewModel */ = {
			isa = PBXGroup;
			children = (
				36B7AE5E2CAE952300870915 /* TestingViewModel.swift */,
			);
			path = ViewModel;
			sourceTree = "<group>";
		};
		36CFEDC82CAE8EF80045A8C5 /* Source */ = {
			isa = PBXGroup;
			children = (
				366D22632CB76921000CC592 /* Data */,
				36B7AE602CAE95DE00870915 /* Processor */,
				36CFEDBE2CAE88E50045A8C5 /* Extension */,
				36CFEDBD2CAE88DD0045A8C5 /* Present */,
				36CFEDBC2CAE88DA0045A8C5 /* App */,
			);
			path = Source;
			sourceTree = "<group>";
		};
		36CFEDC92CAE8EFB0045A8C5 /* Resource */ = {
			isa = PBXGroup;
			children = (
				366D21FD2CB759D6000CC592 /* ADL */,
				366D221C2CB759D6000CC592 /* Fall */,
				36CFEDB22CAE88BA0045A8C5 /* Assets.xcassets */,
			);
			path = Resource;
			sourceTree = "<group>";
		};
/* End PBXGroup section */

/* Begin PBXNativeTarget section */
		36CFEDAA2CAE88B60045A8C5 /* Independent-Capstone-Design */ = {
			isa = PBXNativeTarget;
			buildConfigurationList = 36CFEDB92CAE88BA0045A8C5 /* Build configuration list for PBXNativeTarget "Independent-Capstone-Design" */;
			buildPhases = (
				36CFEDA72CAE88B60045A8C5 /* Sources */,
				36CFEDA82CAE88B60045A8C5 /* Frameworks */,
				36CFEDA92CAE88B60045A8C5 /* Resources */,
			);
			buildRules = (
			);
			dependencies = (
			);
			name = "Independent-Capstone-Design";
			productName = "Independent-Capstone-Design";
			productReference = 36CFEDAB2CAE88B60045A8C5 /* Independent-Capstone-Design.app */;
			productType = "com.apple.product-type.application";
		};
/* End PBXNativeTarget section */

/* Begin PBXProject section */
		36CFEDA32CAE88B60045A8C5 /* Project object */ = {
			isa = PBXProject;
			attributes = {
				BuildIndependentTargetsInParallel = 1;
				LastSwiftUpdateCheck = 1540;
				LastUpgradeCheck = 1540;
				TargetAttributes = {
					36CFEDAA2CAE88B60045A8C5 = {
						CreatedOnToolsVersion = 15.4;
					};
				};
			};
			buildConfigurationList = 36CFEDA62CAE88B60045A8C5 /* Build configuration list for PBXProject "Independent-Capstone-Design" */;
			compatibilityVersion = "Xcode 14.0";
			developmentRegion = en;
			hasScannedForEncodings = 0;
			knownRegions = (
				en,
				Base,
			);
			mainGroup = 36CFEDA22CAE88B60045A8C5;
			productRefGroup = 36CFEDAC2CAE88B60045A8C5 /* Products */;
			projectDirPath = "";
			projectRoot = "";
			targets = (
				36CFEDAA2CAE88B60045A8C5 /* Independent-Capstone-Design */,
			);
		};
/* End PBXProject section */

/* Begin PBXResourcesBuildPhase section */
		36CFEDA92CAE88B60045A8C5 /* Resources */ = {
			isa = PBXResourcesBuildPhase;
			buildActionMask = 2147483647;
			files = (
				366D225A2CB759D6000CC592 /* output-fall-22.mp4 in Resources */,
				366D22542CB759D6000CC592 /* output-fall-16.mp4 in Resources */,
				366D224D2CB759D6000CC592 /* output-fall-09.mp4 in Resources */,
				366D22562CB759D6000CC592 /* output-fall-18.mp4 in Resources */,
				366D22622CB759D6000CC592 /* output-fall-30.mp4 in Resources */,
				366D223F2CB759D6000CC592 /* output-adl-35.mp4 in Resources */,
				366D22302CB759D6000CC592 /* output-adl-20.mp4 in Resources */,
				366D22602CB759D6000CC592 /* output-fall-28.mp4 in Resources */,
				366D22362CB759D6000CC592 /* output-adl-26.mp4 in Resources */,
				366D225C2CB759D6000CC592 /* output-fall-24.mp4 in Resources */,
				366D222B2CB759D6000CC592 /* output-adl-15.mp4 in Resources */,
				366D22532CB759D6000CC592 /* output-fall-15.mp4 in Resources */,
				366D22292CB759D6000CC592 /* output-adl-13.mp4 in Resources */,
				366D223B2CB759D6000CC592 /* output-adl-31.mp4 in Resources */,
				366D22432CB759D6000CC592 /* output-adl-39.mp4 in Resources */,
				366D22412CB759D6000CC592 /* output-adl-37.mp4 in Resources */,
				36CFEDB62CAE88BA0045A8C5 /* Preview Assets.xcassets in Resources */,
				366D223D2CB759D6000CC592 /* output-adl-33.mp4 in Resources */,
				366D224B2CB759D6000CC592 /* output-fall-07.mp4 in Resources */,
				366D22462CB759D6000CC592 /* output-fall-02.mp4 in Resources */,
				366D22552CB759D6000CC592 /* output-fall-17.mp4 in Resources */,
				366D22422CB759D6000CC592 /* output-adl-38.mp4 in Resources */,
				366D225F2CB759D6000CC592 /* output-fall-27.mp4 in Resources */,
				366D223C2CB759D6000CC592 /* output-adl-32.mp4 in Resources */,
				366D225B2CB759D6000CC592 /* output-fall-23.mp4 in Resources */,
				366D22502CB759D6000CC592 /* output-fall-12.mp4 in Resources */,
				366D22582CB759D6000CC592 /* output-fall-20.mp4 in Resources */,
				366D224F2CB759D6000CC592 /* output-fall-11.mp4 in Resources */,
				366D224E2CB759D6000CC592 /* output-fall-10.mp4 in Resources */,
				366D22522CB759D6000CC592 /* output-fall-14.mp4 in Resources */,
				366D222A2CB759D6000CC592 /* output-adl-14.mp4 in Resources */,
				366D222F2CB759D6000CC592 /* output-adl-19.mp4 in Resources */,
				366D22322CB759D6000CC592 /* output-adl-22.mp4 in Resources */,
				366D22492CB759D6000CC592 /* output-fall-05.mp4 in Resources */,
				366D22482CB759D6000CC592 /* output-fall-04.mp4 in Resources */,
				366D22242CB759D6000CC592 /* output-adl-08.mp4 in Resources */,
				366D22592CB759D6000CC592 /* output-fall-21.mp4 in Resources */,
				366D22232CB759D6000CC592 /* output-adl-07.mp4 in Resources */,
				366D22212CB759D6000CC592 /* output-adl-05.mp4 in Resources */,
				366D22612CB759D6000CC592 /* output-fall-29.mp4 in Resources */,
				366D22262CB759D6000CC592 /* output-adl-10.mp4 in Resources */,
				366D22472CB759D6000CC592 /* output-fall-03.mp4 in Resources */,
				366D225D2CB759D6000CC592 /* output-fall-25.mp4 in Resources */,
				366D223E2CB759D6000CC592 /* output-adl-34.mp4 in Resources */,
				366D22332CB759D6000CC592 /* output-adl-23.mp4 in Resources */,
				366D22402CB759D6000CC592 /* output-adl-36.mp4 in Resources */,
				366D22202CB759D6000CC592 /* output-adl-04.mp4 in Resources */,
				366D222C2CB759D6000CC592 /* output-adl-16.mp4 in Resources */,
				366D22282CB759D6000CC592 /* output-adl-12.mp4 in Resources */,
				366D22382CB759D6000CC592 /* output-adl-28.mp4 in Resources */,
				366D221E2CB759D6000CC592 /* output-adl-02.mp4 in Resources */,
				366D222E2CB759D6000CC592 /* output-adl-18.mp4 in Resources */,
				366D224A2CB759D6000CC592 /* output-fall-06.mp4 in Resources */,
				366D22572CB759D6000CC592 /* output-fall-19.mp4 in Resources */,
				366D22312CB759D6000CC592 /* output-adl-21.mp4 in Resources */,
				366D221D2CB759D6000CC592 /* output-adl-01.mp4 in Resources */,
				366D22442CB759D6000CC592 /* output-adl-40.mp4 in Resources */,
				366D223A2CB759D6000CC592 /* output-adl-30.mp4 in Resources */,
				366D22452CB759D6000CC592 /* output-fall-01.mp4 in Resources */,
				366D221F2CB759D6000CC592 /* output-adl-03.mp4 in Resources */,
				366D22372CB759D6000CC592 /* output-adl-27.mp4 in Resources */,
				366D22392CB759D6000CC592 /* output-adl-29.mp4 in Resources */,
				366D22222CB759D6000CC592 /* output-adl-06.mp4 in Resources */,
				366D22512CB759D6000CC592 /* output-fall-13.mp4 in Resources */,
				366D224C2CB759D6000CC592 /* output-fall-08.mp4 in Resources */,
				366D22342CB759D6000CC592 /* output-adl-24.mp4 in Resources */,
				366D22252CB759D6000CC592 /* output-adl-09.mp4 in Resources */,
				366D22352CB759D6000CC592 /* output-adl-25.mp4 in Resources */,
				366D222D2CB759D6000CC592 /* output-adl-17.mp4 in Resources */,
				366D22272CB759D6000CC592 /* output-adl-11.mp4 in Resources */,
				36CFEDB32CAE88BA0045A8C5 /* Assets.xcassets in Resources */,
				366D225E2CB759D6000CC592 /* output-fall-26.mp4 in Resources */,
			);
			runOnlyForDeploymentPostprocessing = 0;
		};
/* End PBXResourcesBuildPhase section */

/* Begin PBXSourcesBuildPhase section */
		36CFEDA72CAE88B60045A8C5 /* Sources */ = {
			isa = PBXSourcesBuildPhase;
			buildActionMask = 2147483647;
			files = (
				36B7AE6A2CAE9A2100870915 /* VisionProcessor.swift in Sources */,
				36B7AE6E2CAEA63300870915 /* FallDetectionProcessor.swift in Sources */,
				36B7AE622CAE95E500870915 /* VideoProcessor.swift in Sources */,
				36B7AE682CAE98EA00870915 /* UIImage+.swift in Sources */,
				366D22652CB7692C000CC592 /* ResultData.swift in Sources */,
				36CFEDC72CAE89760045A8C5 /* MainView.swift in Sources */,
				36B7AE732CAEABEB00870915 /* PerformState.swift in Sources */,
				36CFEDAF2CAE88B60045A8C5 /* Independent_Capstone_DesignApp.swift in Sources */,
				36B7AE662CAE988000870915 /* VideoProcessorDelegate.swift in Sources */,
				36B7AE5D2CAE945300870915 /* TestingView.swift in Sources */,
				36B7AE702CAEAB9A00870915 /* FallDetectionProcessorDelegate.swift in Sources */,
				36B7AE5F2CAE952300870915 /* TestingViewModel.swift in Sources */,
				36B7AE6C2CAE9E4200870915 /* VisionProcessorDelegate.swift in Sources */,
			);
			runOnlyForDeploymentPostprocessing = 0;
		};
/* End PBXSourcesBuildPhase section */

/* Begin XCBuildConfiguration section */
		36CFEDB72CAE88BA0045A8C5 /* Debug */ = {
			isa = XCBuildConfiguration;
			buildSettings = {
				ALWAYS_SEARCH_USER_PATHS = NO;
				ASSETCATALOG_COMPILER_GENERATE_SWIFT_ASSET_SYMBOL_EXTENSIONS = YES;
				CLANG_ANALYZER_NONNULL = YES;
				CLANG_ANALYZER_NUMBER_OBJECT_CONVERSION = YES_AGGRESSIVE;
				CLANG_CXX_LANGUAGE_STANDARD = "gnu++20";
				CLANG_ENABLE_MODULES = YES;
				CLANG_ENABLE_OBJC_ARC = YES;
				CLANG_ENABLE_OBJC_WEAK = YES;
				CLANG_WARN_BLOCK_CAPTURE_AUTORELEASING = YES;
				CLANG_WARN_BOOL_CONVERSION = YES;
				CLANG_WARN_COMMA = YES;
				CLANG_WARN_CONSTANT_CONVERSION = YES;
				CLANG_WARN_DEPRECATED_OBJC_IMPLEMENTATIONS = YES;
				CLANG_WARN_DIRECT_OBJC_ISA_USAGE = YES_ERROR;
				CLANG_WARN_DOCUMENTATION_COMMENTS = YES;
				CLANG_WARN_EMPTY_BODY = YES;
				CLANG_WARN_ENUM_CONVERSION = YES;
				CLANG_WARN_INFINITE_RECURSION = YES;
				CLANG_WARN_INT_CONVERSION = YES;
				CLANG_WARN_NON_LITERAL_NULL_CONVERSION = YES;
				CLANG_WARN_OBJC_IMPLICIT_RETAIN_SELF = YES;
				CLANG_WARN_OBJC_LITERAL_CONVERSION = YES;
				CLANG_WARN_OBJC_ROOT_CLASS = YES_ERROR;
				CLANG_WARN_QUOTED_INCLUDE_IN_FRAMEWORK_HEADER = YES;
				CLANG_WARN_RANGE_LOOP_ANALYSIS = YES;
				CLANG_WARN_STRICT_PROTOTYPES = YES;
				CLANG_WARN_SUSPICIOUS_MOVE = YES;
				CLANG_WARN_UNGUARDED_AVAILABILITY = YES_AGGRESSIVE;
				CLANG_WARN_UNREACHABLE_CODE = YES;
				CLANG_WARN__DUPLICATE_METHOD_MATCH = YES;
				COPY_PHASE_STRIP = NO;
				DEBUG_INFORMATION_FORMAT = dwarf;
				ENABLE_STRICT_OBJC_MSGSEND = YES;
				ENABLE_TESTABILITY = YES;
				ENABLE_USER_SCRIPT_SANDBOXING = YES;
				GCC_C_LANGUAGE_STANDARD = gnu17;
				GCC_DYNAMIC_NO_PIC = NO;
				GCC_NO_COMMON_BLOCKS = YES;
				GCC_OPTIMIZATION_LEVEL = 0;
				GCC_PREPROCESSOR_DEFINITIONS = (
					"DEBUG=1",
					"$(inherited)",
				);
				GCC_WARN_64_TO_32_BIT_CONVERSION = YES;
				GCC_WARN_ABOUT_RETURN_TYPE = YES_ERROR;
				GCC_WARN_UNDECLARED_SELECTOR = YES;
				GCC_WARN_UNINITIALIZED_AUTOS = YES_AGGRESSIVE;
				GCC_WARN_UNUSED_FUNCTION = YES;
				GCC_WARN_UNUSED_VARIABLE = YES;
				IPHONEOS_DEPLOYMENT_TARGET = 17.5;
				LOCALIZATION_PREFERS_STRING_CATALOGS = YES;
				MTL_ENABLE_DEBUG_INFO = INCLUDE_SOURCE;
				MTL_FAST_MATH = YES;
				ONLY_ACTIVE_ARCH = YES;
				SDKROOT = iphoneos;
				SWIFT_ACTIVE_COMPILATION_CONDITIONS = "DEBUG $(inherited)";
				SWIFT_OPTIMIZATION_LEVEL = "-Onone";
			};
			name = Debug;
		};
		36CFEDB82CAE88BA0045A8C5 /* Release */ = {
			isa = XCBuildConfiguration;
			buildSettings = {
				ALWAYS_SEARCH_USER_PATHS = NO;
				ASSETCATALOG_COMPILER_GENERATE_SWIFT_ASSET_SYMBOL_EXTENSIONS = YES;
				CLANG_ANALYZER_NONNULL = YES;
				CLANG_ANALYZER_NUMBER_OBJECT_CONVERSION = YES_AGGRESSIVE;
				CLANG_CXX_LANGUAGE_STANDARD = "gnu++20";
				CLANG_ENABLE_MODULES = YES;
				CLANG_ENABLE_OBJC_ARC = YES;
				CLANG_ENABLE_OBJC_WEAK = YES;
				CLANG_WARN_BLOCK_CAPTURE_AUTORELEASING = YES;
				CLANG_WARN_BOOL_CONVERSION = YES;
				CLANG_WARN_COMMA = YES;
				CLANG_WARN_CONSTANT_CONVERSION = YES;
				CLANG_WARN_DEPRECATED_OBJC_IMPLEMENTATIONS = YES;
				CLANG_WARN_DIRECT_OBJC_ISA_USAGE = YES_ERROR;
				CLANG_WARN_DOCUMENTATION_COMMENTS = YES;
				CLANG_WARN_EMPTY_BODY = YES;
				CLANG_WARN_ENUM_CONVERSION = YES;
				CLANG_WARN_INFINITE_RECURSION = YES;
				CLANG_WARN_INT_CONVERSION = YES;
				CLANG_WARN_NON_LITERAL_NULL_CONVERSION = YES;
				CLANG_WARN_OBJC_IMPLICIT_RETAIN_SELF = YES;
				CLANG_WARN_OBJC_LITERAL_CONVERSION = YES;
				CLANG_WARN_OBJC_ROOT_CLASS = YES_ERROR;
				CLANG_WARN_QUOTED_INCLUDE_IN_FRAMEWORK_HEADER = YES;
				CLANG_WARN_RANGE_LOOP_ANALYSIS = YES;
				CLANG_WARN_STRICT_PROTOTYPES = YES;
				CLANG_WARN_SUSPICIOUS_MOVE = YES;
				CLANG_WARN_UNGUARDED_AVAILABILITY = YES_AGGRESSIVE;
				CLANG_WARN_UNREACHABLE_CODE = YES;
				CLANG_WARN__DUPLICATE_METHOD_MATCH = YES;
				COPY_PHASE_STRIP = NO;
				DEBUG_INFORMATION_FORMAT = "dwarf-with-dsym";
				ENABLE_NS_ASSERTIONS = NO;
				ENABLE_STRICT_OBJC_MSGSEND = YES;
				ENABLE_USER_SCRIPT_SANDBOXING = YES;
				GCC_C_LANGUAGE_STANDARD = gnu17;
				GCC_NO_COMMON_BLOCKS = YES;
				GCC_WARN_64_TO_32_BIT_CONVERSION = YES;
				GCC_WARN_ABOUT_RETURN_TYPE = YES_ERROR;
				GCC_WARN_UNDECLARED_SELECTOR = YES;
				GCC_WARN_UNINITIALIZED_AUTOS = YES_AGGRESSIVE;
				GCC_WARN_UNUSED_FUNCTION = YES;
				GCC_WARN_UNUSED_VARIABLE = YES;
				IPHONEOS_DEPLOYMENT_TARGET = 17.5;
				LOCALIZATION_PREFERS_STRING_CATALOGS = YES;
				MTL_ENABLE_DEBUG_INFO = NO;
				MTL_FAST_MATH = YES;
				SDKROOT = iphoneos;
				SWIFT_COMPILATION_MODE = wholemodule;
				VALIDATE_PRODUCT = YES;
			};
			name = Release;
		};
		36CFEDBA2CAE88BA0045A8C5 /* Debug */ = {
			isa = XCBuildConfiguration;
			buildSettings = {
				ASSETCATALOG_COMPILER_APPICON_NAME = AppIcon;
				ASSETCATALOG_COMPILER_GLOBAL_ACCENT_COLOR_NAME = AccentColor;
				CODE_SIGN_STYLE = Automatic;
				CURRENT_PROJECT_VERSION = 1;
				DEVELOPMENT_ASSET_PATHS = "\"Independent-Capstone-Design/Preview Content\"";
				DEVELOPMENT_TEAM = U24ZACT97M;
				ENABLE_PREVIEWS = YES;
				GENERATE_INFOPLIST_FILE = YES;
				INFOPLIST_KEY_UIApplicationSceneManifest_Generation = YES;
				INFOPLIST_KEY_UIApplicationSupportsIndirectInputEvents = YES;
				INFOPLIST_KEY_UILaunchScreen_Generation = YES;
				INFOPLIST_KEY_UISupportedInterfaceOrientations_iPad = "UIInterfaceOrientationPortrait UIInterfaceOrientationPortraitUpsideDown UIInterfaceOrientationLandscapeLeft UIInterfaceOrientationLandscapeRight";
				INFOPLIST_KEY_UISupportedInterfaceOrientations_iPhone = "UIInterfaceOrientationPortrait UIInterfaceOrientationLandscapeLeft UIInterfaceOrientationLandscapeRight";
				INFOPLIST_KEY_UISupportsDocumentBrowser = YES;
				IPHONEOS_DEPLOYMENT_TARGET = 16.0;
				LD_RUNPATH_SEARCH_PATHS = (
					"$(inherited)",
					"@executable_path/Frameworks",
				);
				MARKETING_VERSION = 1.0;
				PRODUCT_BUNDLE_IDENTIFIER = "ikbum.Independent-Capstone-Design";
				PRODUCT_NAME = "$(TARGET_NAME)";
				SWIFT_EMIT_LOC_STRINGS = YES;
				SWIFT_VERSION = 5.0;
				TARGETED_DEVICE_FAMILY = "1,2";
			};
			name = Debug;
		};
		36CFEDBB2CAE88BA0045A8C5 /* Release */ = {
			isa = XCBuildConfiguration;
			buildSettings = {
				ASSETCATALOG_COMPILER_APPICON_NAME = AppIcon;
				ASSETCATALOG_COMPILER_GLOBAL_ACCENT_COLOR_NAME = AccentColor;
				CODE_SIGN_STYLE = Automatic;
				CURRENT_PROJECT_VERSION = 1;
				DEVELOPMENT_ASSET_PATHS = "\"Independent-Capstone-Design/Preview Content\"";
				DEVELOPMENT_TEAM = U24ZACT97M;
				ENABLE_PREVIEWS = YES;
				GENERATE_INFOPLIST_FILE = YES;
				INFOPLIST_KEY_UIApplicationSceneManifest_Generation = YES;
				INFOPLIST_KEY_UIApplicationSupportsIndirectInputEvents = YES;
				INFOPLIST_KEY_UILaunchScreen_Generation = YES;
				INFOPLIST_KEY_UISupportedInterfaceOrientations_iPad = "UIInterfaceOrientationPortrait UIInterfaceOrientationPortraitUpsideDown UIInterfaceOrientationLandscapeLeft UIInterfaceOrientationLandscapeRight";
				INFOPLIST_KEY_UISupportedInterfaceOrientations_iPhone = "UIInterfaceOrientationPortrait UIInterfaceOrientationLandscapeLeft UIInterfaceOrientationLandscapeRight";
				INFOPLIST_KEY_UISupportsDocumentBrowser = YES;
				IPHONEOS_DEPLOYMENT_TARGET = 16.0;
				LD_RUNPATH_SEARCH_PATHS = (
					"$(inherited)",
					"@executable_path/Frameworks",
				);
				MARKETING_VERSION = 1.0;
				PRODUCT_BUNDLE_IDENTIFIER = "ikbum.Independent-Capstone-Design";
				PRODUCT_NAME = "$(TARGET_NAME)";
				SWIFT_EMIT_LOC_STRINGS = YES;
				SWIFT_VERSION = 5.0;
				TARGETED_DEVICE_FAMILY = "1,2";
			};
			name = Release;
		};
/* End XCBuildConfiguration section */

/* Begin XCConfigurationList section */
		36CFEDA62CAE88B60045A8C5 /* Build configuration list for PBXProject "Independent-Capstone-Design" */ = {
			isa = XCConfigurationList;
			buildConfigurations = (
				36CFEDB72CAE88BA0045A8C5 /* Debug */,
				36CFEDB82CAE88BA0045A8C5 /* Release */,
			);
			defaultConfigurationIsVisible = 0;
			defaultConfigurationName = Release;
		};
		36CFEDB92CAE88BA0045A8C5 /* Build configuration list for PBXNativeTarget "Independent-Capstone-Design" */ = {
			isa = XCConfigurationList;
			buildConfigurations = (
				36CFEDBA2CAE88BA0045A8C5 /* Debug */,
				36CFEDBB2CAE88BA0045A8C5 /* Release */,
			);
			defaultConfigurationIsVisible = 0;
			defaultConfigurationName = Release;
		};
/* End XCConfigurationList section */
	};
	rootObject = 36CFEDA32CAE88B60045A8C5 /* Project object */;
}
